
Microsoft Visual Studio Solution File, Format Version 12.00
# Visual Studio Version 16
VisualStudioVersion = 16.0.31424.327
MinimumVisualStudioVersion = 10.0.40219.1
Project("{FAE04EC0-301F-11D3-BF4B-00C04F79EFBC}") = "CoreCrud", "CoreCrud\CoreCrud.csproj", "{716A7D14-6A28-4A46-AEF6-6848D26C61D5}"
EndProject
Global
	GlobalSection(SolutionConfigurationPlatforms) = preSolution
		Debug|Any CPU = Debug|Any CPU
		Release|Any CPU = Release|Any CPU
	EndGlobalSection
	GlobalSection(ProjectConfigurationPlatforms) = postSolution
		{716A7D14-6A28-4A46-AEF6-6848D26C61D5}.Debug|Any CPU.ActiveCfg = Debug|Any CPU
		{716A7D14-6A28-4A46-AEF6-6848D26C61D5}.Debug|Any CPU.Build.0 = Debug|Any CPU
		{716A7D14-6A28-4A46-AEF6-6848D26C61D5}.Release|Any CPU.ActiveCfg = Release|Any CPU
		{716A7D14-6A28-4A46-AEF6-6848D26C61D5}.Release|Any CPU.Build.0 = Release|Any CPU
	EndGlobalSection
	GlobalSection(SolutionProperties) = preSolution
		HideSolutionNode = FALSE
	EndGlobalSection
	GlobalSection(ExtensibilityGlobals) = postSolution
		SolutionGuid = {6360AD0E-8DDD-41D3-87D3-DDD030ACC2F9}
	EndGlobalSection
EndGlobal
